
Microsoft Visual Studio Solution File, Format Version 12.00
# Visual Studio 15
VisualStudioVersion = 15.0.27130.2027
MinimumVisualStudioVersion = 10.0.40219.1
Project("{9A19103F-16F7-4668-BE54-9A1E7A4F7556}") = "DNetCMS", "DNetCMS\DNetCMS.csproj", "{AA04DB31-9396-44A2-88F0-17E401BB80D5}"
EndProject
Project("{9A19103F-16F7-4668-BE54-9A1E7A4F7556}") = "DNetCMS_Processing", "DNetCMS Processing\DNetCMS_Processing.csproj", "{1E5C40CD-3BA9-4E1E-B52E-5E3B51DC79F2}"
EndProject
Project("{E53339B2-1760-4266-BCC7-CA923CBCF16C}") = "docker-compose", "docker-compose.dcproj", "{769FBC6A-0D79-4FCE-B7E7-26D26403184E}"
EndProject
Global
	GlobalSection(SolutionConfigurationPlatforms) = preSolution
		Debug|Any CPU = Debug|Any CPU
		Release|Any CPU = Release|Any CPU
	EndGlobalSection
	GlobalSection(ProjectConfigurationPlatforms) = postSolution
		{AA04DB31-9396-44A2-88F0-17E401BB80D5}.Debug|Any CPU.ActiveCfg = Debug|Any CPU
		{AA04DB31-9396-44A2-88F0-17E401BB80D5}.Debug|Any CPU.Build.0 = Debug|Any CPU
		{AA04DB31-9396-44A2-88F0-17E401BB80D5}.Release|Any CPU.ActiveCfg = Release|Any CPU
		{AA04DB31-9396-44A2-88F0-17E401BB80D5}.Release|Any CPU.Build.0 = Release|Any CPU
		{1E5C40CD-3BA9-4E1E-B52E-5E3B51DC79F2}.Debug|Any CPU.ActiveCfg = Debug|Any CPU
		{1E5C40CD-3BA9-4E1E-B52E-5E3B51DC79F2}.Debug|Any CPU.Build.0 = Debug|Any CPU
		{1E5C40CD-3BA9-4E1E-B52E-5E3B51DC79F2}.Release|Any CPU.ActiveCfg = Release|Any CPU
		{1E5C40CD-3BA9-4E1E-B52E-5E3B51DC79F2}.Release|Any CPU.Build.0 = Release|Any CPU
		{769FBC6A-0D79-4FCE-B7E7-26D26403184E}.Debug|Any CPU.ActiveCfg = Debug|Any CPU
		{769FBC6A-0D79-4FCE-B7E7-26D26403184E}.Debug|Any CPU.Build.0 = Debug|Any CPU
		{769FBC6A-0D79-4FCE-B7E7-26D26403184E}.Release|Any CPU.ActiveCfg = Release|Any CPU
		{769FBC6A-0D79-4FCE-B7E7-26D26403184E}.Release|Any CPU.Build.0 = Release|Any CPU
	EndGlobalSection
	GlobalSection(SolutionProperties) = preSolution
		HideSolutionNode = FALSE
	EndGlobalSection
	GlobalSection(ExtensibilityGlobals) = postSolution
		SolutionGuid = {B108700E-E996-47B7-BBEE-CDC0E492E381}
	EndGlobalSection
EndGlobal
